
Microsoft Visual Studio Solution File, Format Version 12.00
# Visual Studio Version 17
VisualStudioVersion = 17.10.34707.107
MinimumVisualStudioVersion = 10.0.40219.1
Project("{FAE04EC0-301F-11D3-BF4B-00C04F79EFBC}") = "DelegadosPredicadosYLambdas", "DelegadosPredicadosYLambdas.csproj", "{AAB65B93-BA6F-47D3-B487-A81ADFD7109B}"
EndProject
Global
	GlobalSection(SolutionConfigurationPlatforms) = preSolution
		Debug|Any CPU = Debug|Any CPU
		Release|Any CPU = Release|Any CPU
	EndGlobalSection
	GlobalSection(ProjectConfigurationPlatforms) = postSolution
		{AAB65B93-BA6F-47D3-B487-A81ADFD7109B}.Debug|Any CPU.ActiveCfg = Debug|Any CPU
		{AAB65B93-BA6F-47D3-B487-A81ADFD7109B}.Debug|Any CPU.Build.0 = Debug|Any CPU
		{AAB65B93-BA6F-47D3-B487-A81ADFD7109B}.Release|Any CPU.ActiveCfg = Release|Any CPU
		{AAB65B93-BA6F-47D3-B487-A81ADFD7109B}.Release|Any CPU.Build.0 = Release|Any CPU
	EndGlobalSection
	GlobalSection(SolutionProperties) = preSolution
		HideSolutionNode = FALSE
	EndGlobalSection
	GlobalSection(ExtensibilityGlobals) = postSolution
		SolutionGuid = {9580E925-4939-4CD7-932D-9F9E2B0D1ED9}
	EndGlobalSection
EndGlobal
