
Microsoft Visual Studio Solution File, Format Version 12.00
# Visual Studio Version 17
VisualStudioVersion = 17.5.002.0
MinimumVisualStudioVersion = 10.0.40219.1
Project("{2150E333-8FDC-42A3-9474-1A3956D46DE8}") = "proyectos", "proyectos", "{E6B42DB9-EE0B-4E62-954A-FF4B2CD1FE44}"
EndProject
Project("{9A19103F-16F7-4668-BE54-9A1E7A4F7556}") = "proyectos", "proyectos\proyectos\proyectos.csproj", "{D3905490-01D5-45FB-A9C9-237DC122354C}"
EndProject
Global
	GlobalSection(SolutionConfigurationPlatforms) = preSolution
		Debug|Any CPU = Debug|Any CPU
		Release|Any CPU = Release|Any CPU
	EndGlobalSection
	GlobalSection(ProjectConfigurationPlatforms) = postSolution
		{D3905490-01D5-45FB-A9C9-237DC122354C}.Debug|Any CPU.ActiveCfg = Debug|Any CPU
		{D3905490-01D5-45FB-A9C9-237DC122354C}.Debug|Any CPU.Build.0 = Debug|Any CPU
		{D3905490-01D5-45FB-A9C9-237DC122354C}.Release|Any CPU.ActiveCfg = Release|Any CPU
		{D3905490-01D5-45FB-A9C9-237DC122354C}.Release|Any CPU.Build.0 = Release|Any CPU
	EndGlobalSection
	GlobalSection(SolutionProperties) = preSolution
		HideSolutionNode = FALSE
	EndGlobalSection
	GlobalSection(NestedProjects) = preSolution
		{D3905490-01D5-45FB-A9C9-237DC122354C} = {E6B42DB9-EE0B-4E62-954A-FF4B2CD1FE44}
	EndGlobalSection
	GlobalSection(ExtensibilityGlobals) = postSolution
		SolutionGuid = {AF545BDC-C48E-491D-8275-0067A6D86C89}
	EndGlobalSection
EndGlobal
