
Microsoft Visual Studio Solution File, Format Version 12.00
# Visual Studio Version 17
VisualStudioVersion = 17.10.34707.107
MinimumVisualStudioVersion = 10.0.40219.1
Project("{FAE04EC0-301F-11D3-BF4B-00C04F79EFBC}") = "ComboBoxYCheckBox", "ComboBoxYCheckBox.csproj", "{D41F1C33-8AB0-4E3F-A6AC-6E6790238125}"
EndProject
Global
	GlobalSection(SolutionConfigurationPlatforms) = preSolution
		Debug|Any CPU = Debug|Any CPU
		Release|Any CPU = Release|Any CPU
	EndGlobalSection
	GlobalSection(ProjectConfigurationPlatforms) = postSolution
		{D41F1C33-8AB0-4E3F-A6AC-6E6790238125}.Debug|Any CPU.ActiveCfg = Debug|Any CPU
		{D41F1C33-8AB0-4E3F-A6AC-6E6790238125}.Debug|Any CPU.Build.0 = Debug|Any CPU
		{D41F1C33-8AB0-4E3F-A6AC-6E6790238125}.Release|Any CPU.ActiveCfg = Release|Any CPU
		{D41F1C33-8AB0-4E3F-A6AC-6E6790238125}.Release|Any CPU.Build.0 = Release|Any CPU
	EndGlobalSection
	GlobalSection(SolutionProperties) = preSolution
		HideSolutionNode = FALSE
	EndGlobalSection
	GlobalSection(ExtensibilityGlobals) = postSolution
		SolutionGuid = {99044CDE-5D70-41D1-B4B0-0448252E383F}
	EndGlobalSection
EndGlobal
