
Microsoft Visual Studio Solution File, Format Version 12.00
# Visual Studio Version 17
VisualStudioVersion = 17.10.34707.107
MinimumVisualStudioVersion = 10.0.40219.1
Project("{FAE04EC0-301F-11D3-BF4B-00C04F79EFBC}") = "PrimeraInterfaz", "PrimeraInterfaz.csproj", "{CBB1F334-C14E-4A6B-BB8C-D036D6BA44D4}"
EndProject
Global
	GlobalSection(SolutionConfigurationPlatforms) = preSolution
		Debug|Any CPU = Debug|Any CPU
		Release|Any CPU = Release|Any CPU
	EndGlobalSection
	GlobalSection(ProjectConfigurationPlatforms) = postSolution
		{CBB1F334-C14E-4A6B-BB8C-D036D6BA44D4}.Debug|Any CPU.ActiveCfg = Debug|Any CPU
		{CBB1F334-C14E-4A6B-BB8C-D036D6BA44D4}.Debug|Any CPU.Build.0 = Debug|Any CPU
		{CBB1F334-C14E-4A6B-BB8C-D036D6BA44D4}.Release|Any CPU.ActiveCfg = Release|Any CPU
		{CBB1F334-C14E-4A6B-BB8C-D036D6BA44D4}.Release|Any CPU.Build.0 = Release|Any CPU
	EndGlobalSection
	GlobalSection(SolutionProperties) = preSolution
		HideSolutionNode = FALSE
	EndGlobalSection
	GlobalSection(ExtensibilityGlobals) = postSolution
		SolutionGuid = {F39E8CDD-0AA1-46F9-AC0D-90800E5C152D}
	EndGlobalSection
EndGlobal
