
Microsoft Visual Studio Solution File, Format Version 12.00
# Visual Studio Version 17
VisualStudioVersion = 17.9.34526.213
MinimumVisualStudioVersion = 10.0.40219.1
Project("{FAE04EC0-301F-11D3-BF4B-00C04F79EFBC}") = "ConsoleApp1", "ConsoleApp1.csproj", "{684A128B-A1B3-4E26-B7F1-0C3E2BA90CEC}"
EndProject
Global
	GlobalSection(SolutionConfigurationPlatforms) = preSolution
		Debug|Any CPU = Debug|Any CPU
		Release|Any CPU = Release|Any CPU
	EndGlobalSection
	GlobalSection(ProjectConfigurationPlatforms) = postSolution
		{684A128B-A1B3-4E26-B7F1-0C3E2BA90CEC}.Debug|Any CPU.ActiveCfg = Debug|Any CPU
		{684A128B-A1B3-4E26-B7F1-0C3E2BA90CEC}.Debug|Any CPU.Build.0 = Debug|Any CPU
		{684A128B-A1B3-4E26-B7F1-0C3E2BA90CEC}.Release|Any CPU.ActiveCfg = Release|Any CPU
		{684A128B-A1B3-4E26-B7F1-0C3E2BA90CEC}.Release|Any CPU.Build.0 = Release|Any CPU
	EndGlobalSection
	GlobalSection(SolutionProperties) = preSolution
		HideSolutionNode = FALSE
	EndGlobalSection
	GlobalSection(ExtensibilityGlobals) = postSolution
		SolutionGuid = {AFBFDCE1-63AB-40D5-B22D-3742F75F7C0B}
	EndGlobalSection
EndGlobal
